// !$*UTF8*$!
{
	archiveVersion = 1;
	classes = {
	};
	objectVersion = 56;
	objects = {

/* Begin PBXBuildFile section */
		CB20553D291DE38F00E359F5 /* main.cpp in Sources */ = {isa = PBXBuildFile; fileRef = CB20553C291DE38F00E359F5 /* main.cpp */; };
		CB6C65AC292213BF005FF242 /* main.cpp in Sources */ = {isa = PBXBuildFile; fileRef = CB6C65AB292213BF005FF242 /* main.cpp */; };
		CBA5E221291B734C00B259A8 /* main.cpp in Sources */ = {isa = PBXBuildFile; fileRef = CBA5E220291B734C00B259A8 /* main.cpp */; };
		CBA5E22A291B82C900B259A8 /* CLAHE.cpp in Sources */ = {isa = PBXBuildFile; fileRef = CBA5E228291B82C900B259A8 /* CLAHE.cpp */; };
		CBA5E22D291B852500B259A8 /* WrinkleFrangi.cpp in Sources */ = {isa = PBXBuildFile; fileRef = CBA5E22C291B852500B259A8 /* WrinkleFrangi.cpp */; };
		CBA5E230291B887F00B259A8 /* frangi.cpp in Sources */ = {isa = PBXBuildFile; fileRef = CBA5E22E291B887F00B259A8 /* frangi.cpp */; };
/* End PBXBuildFile section */

/* Begin PBXCopyFilesBuildPhase section */
		CB205538291DE38F00E359F5 /* CopyFiles */ = {
			isa = PBXCopyFilesBuildPhase;
			buildActionMask = 2147483647;
			dstPath = /usr/share/man/man1/;
			dstSubfolderSpec = 0;
			files = (
			);
			runOnlyForDeploymentPostprocessing = 1;
		};
		CB6C65A7292213BF005FF242 /* CopyFiles */ = {
			isa = PBXCopyFilesBuildPhase;
			buildActionMask = 2147483647;
			dstPath = /usr/share/man/man1/;
			dstSubfolderSpec = 0;
			files = (
			);
			runOnlyForDeploymentPostprocessing = 1;
		};
		CBA5E21B291B734C00B259A8 /* CopyFiles */ = {
			isa = PBXCopyFilesBuildPhase;
			buildActionMask = 2147483647;
			dstPath = /usr/share/man/man1/;
			dstSubfolderSpec = 0;
			files = (
			);
			runOnlyForDeploymentPostprocessing = 1;
		};
/* End PBXCopyFilesBuildPhase section */

/* Begin PBXFileReference section */
		CB20553A291DE38F00E359F5 /* GaborExperiment */ = {isa = PBXFileReference; explicitFileType = "compiled.mach-o.executable"; includeInIndex = 0; path = GaborExperiment; sourceTree = BUILT_PRODUCTS_DIR; };
		CB20553C291DE38F00E359F5 /* main.cpp */ = {isa = PBXFileReference; lastKnownFileType = sourcecode.cpp.cpp; path = main.cpp; sourceTree = "<group>"; };
		CB6C65A9292213BF005FF242 /* GabMapPostProc */ = {isa = PBXFileReference; explicitFileType = "compiled.mach-o.executable"; includeInIndex = 0; path = GabMapPostProc; sourceTree = BUILT_PRODUCTS_DIR; };
		CB6C65AB292213BF005FF242 /* main.cpp */ = {isa = PBXFileReference; lastKnownFileType = sourcecode.cpp.cpp; path = main.cpp; sourceTree = "<group>"; };
		CBA5E21D291B734C00B259A8 /* WrkImgEnhance */ = {isa = PBXFileReference; explicitFileType = "compiled.mach-o.executable"; includeInIndex = 0; path = WrkImgEnhance; sourceTree = BUILT_PRODUCTS_DIR; };
		CBA5E220291B734C00B259A8 /* main.cpp */ = {isa = PBXFileReference; lastKnownFileType = sourcecode.cpp.cpp; path = main.cpp; sourceTree = "<group>"; };
		CBA5E228291B82C900B259A8 /* CLAHE.cpp */ = {isa = PBXFileReference; fileEncoding = 4; lastKnownFileType = sourcecode.cpp.cpp; path = CLAHE.cpp; sourceTree = "<group>"; };
		CBA5E229291B82C900B259A8 /* CLAHE.hpp */ = {isa = PBXFileReference; fileEncoding = 4; lastKnownFileType = sourcecode.cpp.h; path = CLAHE.hpp; sourceTree = "<group>"; };
		CBA5E22B291B852500B259A8 /* WrinkleFrangi.h */ = {isa = PBXFileReference; fileEncoding = 4; lastKnownFileType = sourcecode.c.h; path = WrinkleFrangi.h; sourceTree = "<group>"; };
		CBA5E22C291B852500B259A8 /* WrinkleFrangi.cpp */ = {isa = PBXFileReference; fileEncoding = 4; lastKnownFileType = sourcecode.cpp.cpp; path = WrinkleFrangi.cpp; sourceTree = "<group>"; };
		CBA5E22E291B887F00B259A8 /* frangi.cpp */ = {isa = PBXFileReference; fileEncoding = 4; lastKnownFileType = sourcecode.cpp.cpp; path = frangi.cpp; sourceTree = "<group>"; };
		CBA5E22F291B887F00B259A8 /* frangi.h */ = {isa = PBXFileReference; fileEncoding = 4; lastKnownFileType = sourcecode.c.h; path = frangi.h; sourceTree = "<group>"; };
/* End PBXFileReference section */

/* Begin PBXFrameworksBuildPhase section */
		CB205537291DE38F00E359F5 /* Frameworks */ = {
			isa = PBXFrameworksBuildPhase;
			buildActionMask = 2147483647;
			files = (
			);
			runOnlyForDeploymentPostprocessing = 0;
		};
		CB6C65A6292213BF005FF242 /* Frameworks */ = {
			isa = PBXFrameworksBuildPhase;
			buildActionMask = 2147483647;
			files = (
			);
			runOnlyForDeploymentPostprocessing = 0;
		};
		CBA5E21A291B734C00B259A8 /* Frameworks */ = {
			isa = PBXFrameworksBuildPhase;
			buildActionMask = 2147483647;
			files = (
			);
			runOnlyForDeploymentPostprocessing = 0;
		};
/* End PBXFrameworksBuildPhase section */

/* Begin PBXGroup section */
		CB20553B291DE38F00E359F5 /* GaborExperiment */ = {
			isa = PBXGroup;
			children = (
				CB20553C291DE38F00E359F5 /* main.cpp */,
			);
			path = GaborExperiment;
			sourceTree = "<group>";
		};
		CB6C65AA292213BF005FF242 /* GabMapPostProc */ = {
			isa = PBXGroup;
			children = (
				CB6C65AB292213BF005FF242 /* main.cpp */,
			);
			path = GabMapPostProc;
			sourceTree = "<group>";
		};
		CBA5E214291B734C00B259A8 = {
			isa = PBXGroup;
			children = (
				CBA5E21F291B734C00B259A8 /* WrkImgEnhance */,
				CB20553B291DE38F00E359F5 /* GaborExperiment */,
				CB6C65AA292213BF005FF242 /* GabMapPostProc */,
				CBA5E21E291B734C00B259A8 /* Products */,
			);
			sourceTree = "<group>";
		};
		CBA5E21E291B734C00B259A8 /* Products */ = {
			isa = PBXGroup;
			children = (
				CBA5E21D291B734C00B259A8 /* WrkImgEnhance */,
				CB20553A291DE38F00E359F5 /* GaborExperiment */,
				CB6C65A9292213BF005FF242 /* GabMapPostProc */,
			);
			name = Products;
			sourceTree = "<group>";
		};
		CBA5E21F291B734C00B259A8 /* WrkImgEnhance */ = {
			isa = PBXGroup;
			children = (
				CBA5E22E291B887F00B259A8 /* frangi.cpp */,
				CBA5E22F291B887F00B259A8 /* frangi.h */,
				CBA5E22C291B852500B259A8 /* WrinkleFrangi.cpp */,
				CBA5E22B291B852500B259A8 /* WrinkleFrangi.h */,
				CBA5E228291B82C900B259A8 /* CLAHE.cpp */,
				CBA5E229291B82C900B259A8 /* CLAHE.hpp */,
				CBA5E220291B734C00B259A8 /* main.cpp */,
			);
			path = WrkImgEnhance;
			sourceTree = "<group>";
		};
/* End PBXGroup section */

/* Begin PBXNativeTarget section */
		CB205539291DE38F00E359F5 /* GaborExperiment */ = {
			isa = PBXNativeTarget;
			buildConfigurationList = CB205540291DE38F00E359F5 /* Build configuration list for PBXNativeTarget "GaborExperiment" */;
			buildPhases = (
				CB205536291DE38F00E359F5 /* Sources */,
				CB205537291DE38F00E359F5 /* Frameworks */,
				CB205538291DE38F00E359F5 /* CopyFiles */,
				CB205541291DE3F900E359F5 /* ShellScript */,
			);
			buildRules = (
			);
			dependencies = (
			);
			name = GaborExperiment;
			productName = GaborExperiment;
			productReference = CB20553A291DE38F00E359F5 /* GaborExperiment */;
			productType = "com.apple.product-type.tool";
		};
		CB6C65A8292213BF005FF242 /* GabMapPostProc */ = {
			isa = PBXNativeTarget;
			buildConfigurationList = CB6C65AF292213BF005FF242 /* Build configuration list for PBXNativeTarget "GabMapPostProc" */;
			buildPhases = (
				CB6C65A5292213BF005FF242 /* Sources */,
				CB6C65A6292213BF005FF242 /* Frameworks */,
				CB6C65A7292213BF005FF242 /* CopyFiles */,
				CB6C65B0292213DC005FF242 /* ShellScript */,
			);
			buildRules = (
			);
			dependencies = (
			);
			name = GabMapPostProc;
			productName = GabMapPostProc;
			productReference = CB6C65A9292213BF005FF242 /* GabMapPostProc */;
			productType = "com.apple.product-type.tool";
		};
		CBA5E21C291B734C00B259A8 /* WrkImgEnhance */ = {
			isa = PBXNativeTarget;
			buildConfigurationList = CBA5E224291B734C00B259A8 /* Build configuration list for PBXNativeTarget "WrkImgEnhance" */;
			buildPhases = (
				CBA5E219291B734C00B259A8 /* Sources */,
				CBA5E21A291B734C00B259A8 /* Frameworks */,
				CBA5E21B291B734C00B259A8 /* CopyFiles */,
				CBA5E227291B765D00B259A8 /* ShellScript */,
			);
			buildRules = (
			);
			dependencies = (
			);
			name = WrkImgEnhance;
			productName = WrkImgEnhance;
			productReference = CBA5E21D291B734C00B259A8 /* WrkImgEnhance */;
			productType = "com.apple.product-type.tool";
		};
/* End PBXNativeTarget section */

/* Begin PBXProject section */
		CBA5E215291B734C00B259A8 /* Project object */ = {
			isa = PBXProject;
			attributes = {
				BuildIndependentTargetsInParallel = 1;
				LastUpgradeCheck = 1410;
				TargetAttributes = {
					CB205539291DE38F00E359F5 = {
						CreatedOnToolsVersion = 14.1;
					};
					CB6C65A8292213BF005FF242 = {
						CreatedOnToolsVersion = 14.1;
					};
					CBA5E21C291B734C00B259A8 = {
						CreatedOnToolsVersion = 14.1;
					};
				};
			};
			buildConfigurationList = CBA5E218291B734C00B259A8 /* Build configuration list for PBXProject "WrkImgEnhance" */;
			compatibilityVersion = "Xcode 14.0";
			developmentRegion = en;
			hasScannedForEncodings = 0;
			knownRegions = (
				en,
				Base,
			);
			mainGroup = CBA5E214291B734C00B259A8;
			productRefGroup = CBA5E21E291B734C00B259A8 /* Products */;
			projectDirPath = "";
			projectRoot = "";
			targets = (
				CBA5E21C291B734C00B259A8 /* WrkImgEnhance */,
				CB205539291DE38F00E359F5 /* GaborExperiment */,
				CB6C65A8292213BF005FF242 /* GabMapPostProc */,
			);
		};
/* End PBXProject section */

/* Begin PBXShellScriptBuildPhase section */
		CB205541291DE3F900E359F5 /* ShellScript */ = {
			isa = PBXShellScriptBuildPhase;
			buildActionMask = 2147483647;
			files = (
			);
			inputFileListPaths = (
			);
			inputPaths = (
			);
			outputFileListPaths = (
			);
			outputPaths = (
			);
			runOnlyForDeploymentPostprocessing = 0;
			shellPath = /bin/sh;
			shellScript = "# Type a script or drag a script file from your workspace to insert its path.\ncp ${TARGET_BUILD_DIR}/${TARGET_NAME} ${PROJECT_DIR}/bin/${TARGET_NAME}\n";
		};
		CB6C65B0292213DC005FF242 /* ShellScript */ = {
			isa = PBXShellScriptBuildPhase;
			buildActionMask = 2147483647;
			files = (
			);
			inputFileListPaths = (
			);
			inputPaths = (
			);
			outputFileListPaths = (
			);
			outputPaths = (
			);
			runOnlyForDeploymentPostprocessing = 0;
			shellPath = /bin/sh;
			shellScript = "# Type a script or drag a script file from your workspace to insert its path.\ncp ${TARGET_BUILD_DIR}/${TARGET_NAME} ${PROJECT_DIR}/bin/${TARGET_NAME}\n";
		};
		CBA5E227291B765D00B259A8 /* ShellScript */ = {
			isa = PBXShellScriptBuildPhase;
			buildActionMask = 2147483647;
			files = (
			);
			inputFileListPaths = (
			);
			inputPaths = (
			);
			outputFileListPaths = (
			);
			outputPaths = (
			);
			runOnlyForDeploymentPostprocessing = 0;
			shellPath = /bin/sh;
			shellScript = "# Type a script or drag a script file from your workspace to insert its path.\ncp ${TARGET_BUILD_DIR}/${TARGET_NAME} ${PROJECT_DIR}/bin/${TARGET_NAME}\n";
		};
/* End PBXShellScriptBuildPhase section */

/* Begin PBXSourcesBuildPhase section */
		CB205536291DE38F00E359F5 /* Sources */ = {
			isa = PBXSourcesBuildPhase;
			buildActionMask = 2147483647;
			files = (
				CB20553D291DE38F00E359F5 /* main.cpp in Sources */,
			);
			runOnlyForDeploymentPostprocessing = 0;
		};
		CB6C65A5292213BF005FF242 /* Sources */ = {
			isa = PBXSourcesBuildPhase;
			buildActionMask = 2147483647;
			files = (
				CB6C65AC292213BF005FF242 /* main.cpp in Sources */,
			);
			runOnlyForDeploymentPostprocessing = 0;
		};
		CBA5E219291B734C00B259A8 /* Sources */ = {
			isa = PBXSourcesBuildPhase;
			buildActionMask = 2147483647;
			files = (
				CBA5E221291B734C00B259A8 /* main.cpp in Sources */,
				CBA5E22D291B852500B259A8 /* WrinkleFrangi.cpp in Sources */,
				CBA5E230291B887F00B259A8 /* frangi.cpp in Sources */,
				CBA5E22A291B82C900B259A8 /* CLAHE.cpp in Sources */,
			);
			runOnlyForDeploymentPostprocessing = 0;
		};
/* End PBXSourcesBuildPhase section */

/* Begin XCBuildConfiguration section */
		CB20553E291DE38F00E359F5 /* Debug */ = {
			isa = XCBuildConfiguration;
			buildSettings = {
				CODE_SIGN_STYLE = Automatic;
				HEADER_SEARCH_PATHS = (
					/usr/local/Cellar/opencv/4.6.0/include/opencv4,
					/Users/meicet/nlohmann_json/include,
				);
				LIBRARY_SEARCH_PATHS = /usr/local/Cellar/opencv/4.6.0/lib;
				OTHER_LDFLAGS = (
					"-lopencv_core",
					"-lopencv_imgcodecs",
					"-lopencv_calib3d",
					"-lopencv_highgui",
					"-lopencv_imgproc",
				);
				PRODUCT_NAME = "$(TARGET_NAME)";
			};
			name = Debug;
		};
		CB20553F291DE38F00E359F5 /* Release */ = {
			isa = XCBuildConfiguration;
			buildSettings = {
				CODE_SIGN_STYLE = Automatic;
				HEADER_SEARCH_PATHS = (
					/usr/local/Cellar/opencv/4.6.0/include/opencv4,
					/Users/meicet/nlohmann_json/include,
				);
				LIBRARY_SEARCH_PATHS = /usr/local/Cellar/opencv/4.6.0/lib;
				OTHER_LDFLAGS = (
					"-lopencv_core",
					"-lopencv_imgcodecs",
					"-lopencv_calib3d",
					"-lopencv_highgui",
					"-lopencv_imgproc",
				);
				PRODUCT_NAME = "$(TARGET_NAME)";
			};
			name = Release;
		};
		CB6C65AD292213BF005FF242 /* Debug */ = {
			isa = XCBuildConfiguration;
			buildSettings = {
				CODE_SIGN_STYLE = Automatic;
				HEADER_SEARCH_PATHS = (
					/usr/local/Cellar/opencv/4.6.0/include/opencv4,
					/Users/meicet/nlohmann_json/include,
				);
				LIBRARY_SEARCH_PATHS = /usr/local/Cellar/opencv/4.6.0/lib;
				OTHER_LDFLAGS = (
					"-lopencv_core",
					"-lopencv_imgcodecs",
					"-lopencv_calib3d",
					"-lopencv_highgui",
					"-lopencv_imgproc",
				);
				PRODUCT_NAME = "$(TARGET_NAME)";
			};
			name = Debug;
		};
		CB6C65AE292213BF005FF242 /* Release */ = {
			isa = XCBuildConfiguration;
			buildSettings = {
				CODE_SIGN_STYLE = Automatic;
				HEADER_SEARCH_PATHS = (
					/usr/local/Cellar/opencv/4.6.0/include/opencv4,
					/Users/meicet/nlohmann_json/include,
				);
				LIBRARY_SEARCH_PATHS = /usr/local/Cellar/opencv/4.6.0/lib;
				OTHER_LDFLAGS = (
					"-lopencv_core",
					"-lopencv_imgcodecs",
					"-lopencv_calib3d",
					"-lopencv_highgui",
					"-lopencv_imgproc",
				);
				PRODUCT_NAME = "$(TARGET_NAME)";
			};
			name = Release;
		};
		CBA5E222291B734C00B259A8 /* Debug */ = {
			isa = XCBuildConfiguration;
			buildSettings = {
				ALWAYS_SEARCH_USER_PATHS = NO;
				CLANG_ANALYZER_NONNULL = YES;
				CLANG_ANALYZER_NUMBER_OBJECT_CONVERSION = YES_AGGRESSIVE;
				CLANG_CXX_LANGUAGE_STANDARD = "gnu++20";
				CLANG_ENABLE_MODULES = YES;
				CLANG_ENABLE_OBJC_ARC = YES;
				CLANG_ENABLE_OBJC_WEAK = YES;
				CLANG_WARN_BLOCK_CAPTURE_AUTORELEASING = YES;
				CLANG_WARN_BOOL_CONVERSION = YES;
				CLANG_WARN_COMMA = YES;
				CLANG_WARN_CONSTANT_CONVERSION = YES;
				CLANG_WARN_DEPRECATED_OBJC_IMPLEMENTATIONS = YES;
				CLANG_WARN_DIRECT_OBJC_ISA_USAGE = YES_ERROR;
				CLANG_WARN_DOCUMENTATION_COMMENTS = YES;
				CLANG_WARN_EMPTY_BODY = YES;
				CLANG_WARN_ENUM_CONVERSION = YES;
				CLANG_WARN_INFINITE_RECURSION = YES;
				CLANG_WARN_INT_CONVERSION = YES;
				CLANG_WARN_NON_LITERAL_NULL_CONVERSION = YES;
				CLANG_WARN_OBJC_IMPLICIT_RETAIN_SELF = YES;
				CLANG_WARN_OBJC_LITERAL_CONVERSION = YES;
				CLANG_WARN_OBJC_ROOT_CLASS = YES_ERROR;
				CLANG_WARN_QUOTED_INCLUDE_IN_FRAMEWORK_HEADER = YES;
				CLANG_WARN_RANGE_LOOP_ANALYSIS = YES;
				CLANG_WARN_STRICT_PROTOTYPES = YES;
				CLANG_WARN_SUSPICIOUS_MOVE = YES;
				CLANG_WARN_UNGUARDED_AVAILABILITY = YES_AGGRESSIVE;
				CLANG_WARN_UNREACHABLE_CODE = YES;
				CLANG_WARN__DUPLICATE_METHOD_MATCH = YES;
				COPY_PHASE_STRIP = NO;
				DEBUG_INFORMATION_FORMAT = dwarf;
				ENABLE_STRICT_OBJC_MSGSEND = YES;
				ENABLE_TESTABILITY = YES;
				GCC_C_LANGUAGE_STANDARD = gnu11;
				GCC_DYNAMIC_NO_PIC = NO;
				GCC_NO_COMMON_BLOCKS = YES;
				GCC_OPTIMIZATION_LEVEL = 0;
				GCC_PREPROCESSOR_DEFINITIONS = (
					"DEBUG=1",
					"$(inherited)",
				);
				GCC_WARN_64_TO_32_BIT_CONVERSION = YES;
				GCC_WARN_ABOUT_RETURN_TYPE = YES_ERROR;
				GCC_WARN_UNDECLARED_SELECTOR = YES;
				GCC_WARN_UNINITIALIZED_AUTOS = YES_AGGRESSIVE;
				GCC_WARN_UNUSED_FUNCTION = YES;
				GCC_WARN_UNUSED_VARIABLE = YES;
				MACOSX_DEPLOYMENT_TARGET = 13.0;
				MTL_ENABLE_DEBUG_INFO = INCLUDE_SOURCE;
				MTL_FAST_MATH = YES;
				ONLY_ACTIVE_ARCH = YES;
				SDKROOT = macosx;
			};
			name = Debug;
		};
		CBA5E223291B734C00B259A8 /* Release */ = {
			isa = XCBuildConfiguration;
			buildSettings = {
				ALWAYS_SEARCH_USER_PATHS = NO;
				CLANG_ANALYZER_NONNULL = YES;
				CLANG_ANALYZER_NUMBER_OBJECT_CONVERSION = YES_AGGRESSIVE;
				CLANG_CXX_LANGUAGE_STANDARD = "gnu++20";
				CLANG_ENABLE_MODULES = YES;
				CLANG_ENABLE_OBJC_ARC = YES;
				CLANG_ENABLE_OBJC_WEAK = YES;
				CLANG_WARN_BLOCK_CAPTURE_AUTORELEASING = YES;
				CLANG_WARN_BOOL_CONVERSION = YES;
				CLANG_WARN_COMMA = YES;
				CLANG_WARN_CONSTANT_CONVERSION = YES;
				CLANG_WARN_DEPRECATED_OBJC_IMPLEMENTATIONS = YES;
				CLANG_WARN_DIRECT_OBJC_ISA_USAGE = YES_ERROR;
				CLANG_WARN_DOCUMENTATION_COMMENTS = YES;
				CLANG_WARN_EMPTY_BODY = YES;
				CLANG_WARN_ENUM_CONVERSION = YES;
				CLANG_WARN_INFINITE_RECURSION = YES;
				CLANG_WARN_INT_CONVERSION = YES;
				CLANG_WARN_NON_LITERAL_NULL_CONVERSION = YES;
				CLANG_WARN_OBJC_IMPLICIT_RETAIN_SELF = YES;
				CLANG_WARN_OBJC_LITERAL_CONVERSION = YES;
				CLANG_WARN_OBJC_ROOT_CLASS = YES_ERROR;
				CLANG_WARN_QUOTED_INCLUDE_IN_FRAMEWORK_HEADER = YES;
				CLANG_WARN_RANGE_LOOP_ANALYSIS = YES;
				CLANG_WARN_STRICT_PROTOTYPES = YES;
				CLANG_WARN_SUSPICIOUS_MOVE = YES;
				CLANG_WARN_UNGUARDED_AVAILABILITY = YES_AGGRESSIVE;
				CLANG_WARN_UNREACHABLE_CODE = YES;
				CLANG_WARN__DUPLICATE_METHOD_MATCH = YES;
				COPY_PHASE_STRIP = NO;
				DEBUG_INFORMATION_FORMAT = "dwarf-with-dsym";
				ENABLE_NS_ASSERTIONS = NO;
				ENABLE_STRICT_OBJC_MSGSEND = YES;
				GCC_C_LANGUAGE_STANDARD = gnu11;
				GCC_NO_COMMON_BLOCKS = YES;
				GCC_WARN_64_TO_32_BIT_CONVERSION = YES;
				GCC_WARN_ABOUT_RETURN_TYPE = YES_ERROR;
				GCC_WARN_UNDECLARED_SELECTOR = YES;
				GCC_WARN_UNINITIALIZED_AUTOS = YES_AGGRESSIVE;
				GCC_WARN_UNUSED_FUNCTION = YES;
				GCC_WARN_UNUSED_VARIABLE = YES;
				MACOSX_DEPLOYMENT_TARGET = 13.0;
				MTL_ENABLE_DEBUG_INFO = NO;
				MTL_FAST_MATH = YES;
				SDKROOT = macosx;
			};
			name = Release;
		};
		CBA5E225291B734C00B259A8 /* Debug */ = {
			isa = XCBuildConfiguration;
			buildSettings = {
				CODE_SIGN_STYLE = Automatic;
				HEADER_SEARCH_PATHS = (
					/usr/local/Cellar/opencv/4.6.0/include/opencv4,
					/Users/fuliye/nlohmann_json/include,
				);
				LIBRARY_SEARCH_PATHS = /usr/local/Cellar/opencv/4.6.0/lib;
				OTHER_LDFLAGS = (
					"-lopencv_core",
					"-lopencv_imgcodecs",
					"-lopencv_calib3d",
					"-lopencv_highgui",
					"-lopencv_imgproc",
					"
",
				);
				PRODUCT_NAME = "$(TARGET_NAME)";
			};
			name = Debug;
		};
		CBA5E226291B734C00B259A8 /* Release */ = {
			isa = XCBuildConfiguration;
			buildSettings = {
				CODE_SIGN_STYLE = Automatic;
				HEADER_SEARCH_PATHS = (
					/usr/local/Cellar/opencv/4.6.0/include/opencv4,
					/Users/fuliye/nlohmann_json/include,
				);
				LIBRARY_SEARCH_PATHS = /usr/local/Cellar/opencv/4.6.0/lib;
				OTHER_LDFLAGS = (
					"-lopencv_core",
					"-lopencv_imgcodecs",
					"-lopencv_calib3d",
					"-lopencv_highgui",
					"-lopencv_imgproc",
					"
",
				);
				PRODUCT_NAME = "$(TARGET_NAME)";
			};
			name = Release;
		};
/* End XCBuildConfiguration section */

/* Begin XCConfigurationList section */
		CB205540291DE38F00E359F5 /* Build configuration list for PBXNativeTarget "GaborExperiment" */ = {
			isa = XCConfigurationList;
			buildConfigurations = (
				CB20553E291DE38F00E359F5 /* Debug */,
				CB20553F291DE38F00E359F5 /* Release */,
			);
			defaultConfigurationIsVisible = 0;
			defaultConfigurationName = Release;
		};
		CB6C65AF292213BF005FF242 /* Build configuration list for PBXNativeTarget "GabMapPostProc" */ = {
			isa = XCConfigurationList;
			buildConfigurations = (
				CB6C65AD292213BF005FF242 /* Debug */,
				CB6C65AE292213BF005FF242 /* Release */,
			);
			defaultConfigurationIsVisible = 0;
			defaultConfigurationName = Release;
		};
		CBA5E218291B734C00B259A8 /* Build configuration list for PBXProject "WrkImgEnhance" */ = {
			isa = XCConfigurationList;
			buildConfigurations = (
				CBA5E222291B734C00B259A8 /* Debug */,
				CBA5E223291B734C00B259A8 /* Release */,
			);
			defaultConfigurationIsVisible = 0;
			defaultConfigurationName = Release;
		};
		CBA5E224291B734C00B259A8 /* Build configuration list for PBXNativeTarget "WrkImgEnhance" */ = {
			isa = XCConfigurationList;
			buildConfigurations = (
				CBA5E225291B734C00B259A8 /* Debug */,
				CBA5E226291B734C00B259A8 /* Release */,
			);
			defaultConfigurationIsVisible = 0;
			defaultConfigurationName = Release;
		};
/* End XCConfigurationList section */
	};
	rootObject = CBA5E215291B734C00B259A8 /* Project object */;
}
